
Microsoft Visual Studio Solution File, Format Version 12.00
# Visual Studio Version 16
VisualStudioVersion = 16.0.31515.178
MinimumVisualStudioVersion = 10.0.40219.1
Project("{FAE04EC0-301F-11D3-BF4B-00C04F79EFBC}") = "WeChip", "WeChip\WeChip.csproj", "{7D5B3A50-3D74-4A13-8196-4D1132F803A6}"
EndProject
Project("{FAE04EC0-301F-11D3-BF4B-00C04F79EFBC}") = "API_WeChip", "API_WeChip\API_WeChip.csproj", "{1F6845DF-B46D-4CCD-A7B0-DCAF5608028A}"
EndProject
Global
	GlobalSection(SolutionConfigurationPlatforms) = preSolution
		Debug|Any CPU = Debug|Any CPU
		Release|Any CPU = Release|Any CPU
	EndGlobalSection
	GlobalSection(ProjectConfigurationPlatforms) = postSolution
		{7D5B3A50-3D74-4A13-8196-4D1132F803A6}.Debug|Any CPU.ActiveCfg = Debug|Any CPU
		{7D5B3A50-3D74-4A13-8196-4D1132F803A6}.Debug|Any CPU.Build.0 = Debug|Any CPU
		{7D5B3A50-3D74-4A13-8196-4D1132F803A6}.Release|Any CPU.ActiveCfg = Release|Any CPU
		{7D5B3A50-3D74-4A13-8196-4D1132F803A6}.Release|Any CPU.Build.0 = Release|Any CPU
		{1F6845DF-B46D-4CCD-A7B0-DCAF5608028A}.Debug|Any CPU.ActiveCfg = Debug|Any CPU
		{1F6845DF-B46D-4CCD-A7B0-DCAF5608028A}.Debug|Any CPU.Build.0 = Debug|Any CPU
		{1F6845DF-B46D-4CCD-A7B0-DCAF5608028A}.Release|Any CPU.ActiveCfg = Release|Any CPU
		{1F6845DF-B46D-4CCD-A7B0-DCAF5608028A}.Release|Any CPU.Build.0 = Release|Any CPU
	EndGlobalSection
	GlobalSection(SolutionProperties) = preSolution
		HideSolutionNode = FALSE
	EndGlobalSection
	GlobalSection(ExtensibilityGlobals) = postSolution
		SolutionGuid = {A4E0ED5B-4E23-473B-A5BA-4BB74D4DF635}
	EndGlobalSection
EndGlobal
